{
  "version": 4,
  "terraform_version": "1.13.3",
  "serial": 6,
  "lineage": "2bb3e7d9-28d0-65ae-b5e0-e7a0ce986712",
  "outputs": {},
  "resources": [
    {
      "mode": "managed",
      "type": "aws_vpc",
      "name": "firstvpc",
      "provider": "provider[\"registry.terraform.io/hashicorp/aws\"]",
      "instances": [
        {
          "schema_version": 1,
          "attributes": {
            "arn": "arn:aws:ec2:eu-west-1:559672757185:vpc/vpc-0bd10545e31d5b6b4",
            "assign_generated_ipv6_cidr_block": false,
            "cidr_block": "10.0.0.0/28",
            "default_network_acl_id": "acl-0383fab185307f580",
            "default_route_table_id": "rtb-046893aa42ee985a3",
            "default_security_group_id": "sg-0080e07c8e74d8ea8",
            "dhcp_options_id": "dopt-02d83fec9bdbdf295",
            "enable_dns_hostnames": false,
            "enable_dns_support": true,
            "enable_network_address_usage_metrics": false,
            "id": "vpc-0bd10545e31d5b6b4",
            "instance_tenancy": "default",
            "ipv4_ipam_pool_id": null,
            "ipv4_netmask_length": null,
            "ipv6_association_id": "",
            "ipv6_cidr_block": "",
            "ipv6_cidr_block_network_border_group": "",
            "ipv6_ipam_pool_id": "",
            "ipv6_netmask_length": 0,
            "main_route_table_id": "rtb-046893aa42ee985a3",
            "owner_id": "559672757185",
            "region": "eu-west-1",
            "tags": {
              "Name": "firstvpc"
            },
            "tags_all": {
              "Name": "firstvpc"
            }
          },
          "sensitive_attributes": [],
          "identity_schema_version": 0,
          "private": "eyJzY2hlbWFfdmVyc2lvbiI6IjEifQ=="
        }
      ]
    }
  ],
  "check_results": null
}
